
Microsoft Visual Studio Solution File, Format Version 12.00
# Visual Studio 14
VisualStudioVersion = 14.0.25420.1
MinimumVisualStudioVersion = 10.0.40219.1
Project("{FAE04EC0-301F-11D3-BF4B-00C04F79EFBC}") = "Wisbo_ErpSystem", "Wisbo_ErpSystem\Wisbo_ErpSystem.csproj", "{C4D35FD5-68B2-4ADE-8062-433C29CAB728}"
EndProject
Global
	GlobalSection(SolutionConfigurationPlatforms) = preSolution
		Debug|Any CPU = Debug|Any CPU
		Release|Any CPU = Release|Any CPU
	EndGlobalSection
	GlobalSection(ProjectConfigurationPlatforms) = postSolution
		{C4D35FD5-68B2-4ADE-8062-433C29CAB728}.Debug|Any CPU.ActiveCfg = Debug|Any CPU
		{C4D35FD5-68B2-4ADE-8062-433C29CAB728}.Debug|Any CPU.Build.0 = Debug|Any CPU
		{C4D35FD5-68B2-4ADE-8062-433C29CAB728}.Release|Any CPU.ActiveCfg = Release|Any CPU
		{C4D35FD5-68B2-4ADE-8062-433C29CAB728}.Release|Any CPU.Build.0 = Release|Any CPU
	EndGlobalSection
	GlobalSection(SolutionProperties) = preSolution
		HideSolutionNode = FALSE
	EndGlobalSection
EndGlobal
